<Solution>
  <Folder Name="/src/">
    <Project Path="LogisticsSystem.Api/LogisticsSystem.Api.csproj" />
    <Project Path="LogisticsSystem.Application/LogisticsSystem.Application.csproj" />
    <Project Path="LogisticsSystem.Domain/LogisticsSystem.Domain.csproj" />
    <Project Path="LogisticsSystem.Infrastructure/LogisticsSystem.Infrastructure.csproj" />
  </Folder>
  <Folder Name="/tests/">
    <Project Path="LogisticsSystem.IntegrationTests/LogisticsSystem.IntegrationTests.csproj" />
    <Project Path="LogisticsSystem.UnitTests/LogisticsSystem.UnitTests.csproj" />
  </Folder>
</Solution>
